
Microsoft Visual Studio Solution File, Format Version 12.00
# Visual Studio 15
VisualStudioVersion = 15.0.27004.2002
MinimumVisualStudioVersion = 10.0.40219.1
Project("{FAE04EC0-301F-11D3-BF4B-00C04F79EFBC}") = "MedSocCSVBuilder", "WebApplication1\MedSocCSVBuilder.csproj", "{35589E05-4EC4-45F7-8990-8BD43823E67D}"
EndProject
Global
	GlobalSection(SolutionConfigurationPlatforms) = preSolution
		Debug|Any CPU = Debug|Any CPU
		Release|Any CPU = Release|Any CPU
	EndGlobalSection
	GlobalSection(ProjectConfigurationPlatforms) = postSolution
		{35589E05-4EC4-45F7-8990-8BD43823E67D}.Debug|Any CPU.ActiveCfg = Debug|Any CPU
		{35589E05-4EC4-45F7-8990-8BD43823E67D}.Debug|Any CPU.Build.0 = Debug|Any CPU
		{35589E05-4EC4-45F7-8990-8BD43823E67D}.Release|Any CPU.ActiveCfg = Release|Any CPU
		{35589E05-4EC4-45F7-8990-8BD43823E67D}.Release|Any CPU.Build.0 = Release|Any CPU
	EndGlobalSection
	GlobalSection(SolutionProperties) = preSolution
		HideSolutionNode = FALSE
	EndGlobalSection
	GlobalSection(ExtensibilityGlobals) = postSolution
		SolutionGuid = {A81AD70F-47EC-4554-9EE6-7B6DF9C88079}
	EndGlobalSection
EndGlobal
